// !$*UTF8*$!
{
	archiveVersion = 1;
	classes = {
	};
	objectVersion = 55;
	objects = {

/* Begin PBXBuildFile section */
		8E6080AE797C90A2AD9B7382 /* Pods_instagram_instagramUITests.framework in Frameworks */ = {isa = PBXBuildFile; fileRef = 8A1002B6FE22863DA2AEB9DC /* Pods_instagram_instagramUITests.framework */; };
		E94808A75B550EED8A1C5BD1 /* Pods_instagramTests.framework in Frameworks */ = {isa = PBXBuildFile; fileRef = 3AD4F99B680A6419EE5F85D4 /* Pods_instagramTests.framework */; };
		EC926BA281866B403949AB92 /* Pods_instagram.framework in Frameworks */ = {isa = PBXBuildFile; fileRef = 7457F05F50A9E4836AFFDD29 /* Pods_instagram.framework */; };
		F104D5CA27E1A53F00D5C163 /* CommentCell.swift in Sources */ = {isa = PBXBuildFile; fileRef = F104D5C927E1A53F00D5C163 /* CommentCell.swift */; };
		F11BC49C27D8548000C800A5 /* AppDelegate.swift in Sources */ = {isa = PBXBuildFile; fileRef = F11BC49B27D8548000C800A5 /* AppDelegate.swift */; };
		F11BC49E27D8548000C800A5 /* SceneDelegate.swift in Sources */ = {isa = PBXBuildFile; fileRef = F11BC49D27D8548000C800A5 /* SceneDelegate.swift */; };
		F11BC4A327D8548000C800A5 /* Main.storyboard in Resources */ = {isa = PBXBuildFile; fileRef = F11BC4A127D8548000C800A5 /* Main.storyboard */; };
		F11BC4A527D8548100C800A5 /* Assets.xcassets in Resources */ = {isa = PBXBuildFile; fileRef = F11BC4A427D8548100C800A5 /* Assets.xcassets */; };
		F11BC4A827D8548100C800A5 /* LaunchScreen.storyboard in Resources */ = {isa = PBXBuildFile; fileRef = F11BC4A627D8548100C800A5 /* LaunchScreen.storyboard */; };
		F11BC4B327D8548100C800A5 /* instagramTests.swift in Sources */ = {isa = PBXBuildFile; fileRef = F11BC4B227D8548100C800A5 /* instagramTests.swift */; };
		F11BC4BD27D8548100C800A5 /* instagramUITests.swift in Sources */ = {isa = PBXBuildFile; fileRef = F11BC4BC27D8548100C800A5 /* instagramUITests.swift */; };
		F11BC4BF27D8548100C800A5 /* instagramUITestsLaunchTests.swift in Sources */ = {isa = PBXBuildFile; fileRef = F11BC4BE27D8548100C800A5 /* instagramUITestsLaunchTests.swift */; };
		F1BFA04C27D85A27009BCE63 /* LoginViewController.swift in Sources */ = {isa = PBXBuildFile; fileRef = F1BFA04B27D85A27009BCE63 /* LoginViewController.swift */; };
		F1BFA04E27D85A43009BCE63 /* FeedViewController.swift in Sources */ = {isa = PBXBuildFile; fileRef = F1BFA04D27D85A43009BCE63 /* FeedViewController.swift */; };
		F1BFA05027D8665C009BCE63 /* CameraViewController.swift in Sources */ = {isa = PBXBuildFile; fileRef = F1BFA04F27D8665C009BCE63 /* CameraViewController.swift */; };
		F1BFA05227D8796A009BCE63 /* PostCell.swift in Sources */ = {isa = PBXBuildFile; fileRef = F1BFA05127D8796A009BCE63 /* PostCell.swift */; };
/* End PBXBuildFile section */

/* Begin PBXContainerItemProxy section */
		F11BC4AF27D8548100C800A5 /* PBXContainerItemProxy */ = {
			isa = PBXContainerItemProxy;
			containerPortal = F11BC49027D8548000C800A5 /* Project object */;
			proxyType = 1;
			remoteGlobalIDString = F11BC49727D8548000C800A5;
			remoteInfo = instagram;
		};
		F11BC4B927D8548100C800A5 /* PBXContainerItemProxy */ = {
			isa = PBXContainerItemProxy;
			containerPortal = F11BC49027D8548000C800A5 /* Project object */;
			proxyType = 1;
			remoteGlobalIDString = F11BC49727D8548000C800A5;
			remoteInfo = instagram;
		};
/* End PBXContainerItemProxy section */

/* Begin PBXFileReference section */
		20C307B2196FBAEECCB0E827 /* Pods-instagram-instagramUITests.debug.xcconfig */ = {isa = PBXFileReference; includeInIndex = 1; lastKnownFileType = text.xcconfig; name = "Pods-instagram-instagramUITests.debug.xcconfig"; path = "Target Support Files/Pods-instagram-instagramUITests/Pods-instagram-instagramUITests.debug.xcconfig"; sourceTree = "<group>"; };
		22A228C01256B32E3F1A3C08 /* Pods-instagram-instagramUITests.release.xcconfig */ = {isa = PBXFileReference; includeInIndex = 1; lastKnownFileType = text.xcconfig; name = "Pods-instagram-instagramUITests.release.xcconfig"; path = "Target Support Files/Pods-instagram-instagramUITests/Pods-instagram-instagramUITests.release.xcconfig"; sourceTree = "<group>"; };
		33F242183DD12F576495DB4E /* Pods-instagram.release.xcconfig */ = {isa = PBXFileReference; includeInIndex = 1; lastKnownFileType = text.xcconfig; name = "Pods-instagram.release.xcconfig"; path = "Target Support Files/Pods-instagram/Pods-instagram.release.xcconfig"; sourceTree = "<group>"; };
		3AD4F99B680A6419EE5F85D4 /* Pods_instagramTests.framework */ = {isa = PBXFileReference; explicitFileType = wrapper.framework; includeInIndex = 0; path = Pods_instagramTests.framework; sourceTree = BUILT_PRODUCTS_DIR; };
		614BBA5640A8A04D5999826F /* Pods-instagramTests.debug.xcconfig */ = {isa = PBXFileReference; includeInIndex = 1; lastKnownFileType = text.xcconfig; name = "Pods-instagramTests.debug.xcconfig"; path = "Target Support Files/Pods-instagramTests/Pods-instagramTests.debug.xcconfig"; sourceTree = "<group>"; };
		7457F05F50A9E4836AFFDD29 /* Pods_instagram.framework */ = {isa = PBXFileReference; explicitFileType = wrapper.framework; includeInIndex = 0; path = Pods_instagram.framework; sourceTree = BUILT_PRODUCTS_DIR; };
		8A1002B6FE22863DA2AEB9DC /* Pods_instagram_instagramUITests.framework */ = {isa = PBXFileReference; explicitFileType = wrapper.framework; includeInIndex = 0; path = Pods_instagram_instagramUITests.framework; sourceTree = BUILT_PRODUCTS_DIR; };
		A235A363C2FFBB5BBCE63D74 /* Pods-instagramTests.release.xcconfig */ = {isa = PBXFileReference; includeInIndex = 1; lastKnownFileType = text.xcconfig; name = "Pods-instagramTests.release.xcconfig"; path = "Target Support Files/Pods-instagramTests/Pods-instagramTests.release.xcconfig"; sourceTree = "<group>"; };
		DBCE15FEE285BE9E5102E6DF /* Pods-instagram.debug.xcconfig */ = {isa = PBXFileReference; includeInIndex = 1; lastKnownFileType = text.xcconfig; name = "Pods-instagram.debug.xcconfig"; path = "Target Support Files/Pods-instagram/Pods-instagram.debug.xcconfig"; sourceTree = "<group>"; };
		F104D5C927E1A53F00D5C163 /* CommentCell.swift */ = {isa = PBXFileReference; lastKnownFileType = sourcecode.swift; path = CommentCell.swift; sourceTree = "<group>"; };
		F11BC49827D8548000C800A5 /* instagram.app */ = {isa = PBXFileReference; explicitFileType = wrapper.application; includeInIndex = 0; path = instagram.app; sourceTree = BUILT_PRODUCTS_DIR; };
		F11BC49B27D8548000C800A5 /* AppDelegate.swift */ = {isa = PBXFileReference; lastKnownFileType = sourcecode.swift; path = AppDelegate.swift; sourceTree = "<group>"; };
		F11BC49D27D8548000C800A5 /* SceneDelegate.swift */ = {isa = PBXFileReference; lastKnownFileType = sourcecode.swift; path = SceneDelegate.swift; sourceTree = "<group>"; };
		F11BC4A227D8548000C800A5 /* Base */ = {isa = PBXFileReference; lastKnownFileType = file.storyboard; name = Base; path = Base.lproj/Main.storyboard; sourceTree = "<group>"; };
		F11BC4A427D8548100C800A5 /* Assets.xcassets */ = {isa = PBXFileReference; lastKnownFileType = folder.assetcatalog; path = Assets.xcassets; sourceTree = "<group>"; };
		F11BC4A727D8548100C800A5 /* Base */ = {isa = PBXFileReference; lastKnownFileType = file.storyboard; name = Base; path = Base.lproj/LaunchScreen.storyboard; sourceTree = "<group>"; };
		F11BC4A927D8548100C800A5 /* Info.plist */ = {isa = PBXFileReference; lastKnownFileType = text.plist.xml; path = Info.plist; sourceTree = "<group>"; };
		F11BC4AE27D8548100C800A5 /* instagramTests.xctest */ = {isa = PBXFileReference; explicitFileType = wrapper.cfbundle; includeInIndex = 0; path = instagramTests.xctest; sourceTree = BUILT_PRODUCTS_DIR; };
		F11BC4B227D8548100C800A5 /* instagramTests.swift */ = {isa = PBXFileReference; lastKnownFileType = sourcecode.swift; path = instagramTests.swift; sourceTree = "<group>"; };
		F11BC4B827D8548100C800A5 /* instagramUITests.xctest */ = {isa = PBXFileReference; explicitFileType = wrapper.cfbundle; includeInIndex = 0; path = instagramUITests.xctest; sourceTree = BUILT_PRODUCTS_DIR; };
		F11BC4BC27D8548100C800A5 /* instagramUITests.swift */ = {isa = PBXFileReference; lastKnownFileType = sourcecode.swift; path = instagramUITests.swift; sourceTree = "<group>"; };
		F11BC4BE27D8548100C800A5 /* instagramUITestsLaunchTests.swift */ = {isa = PBXFileReference; lastKnownFileType = sourcecode.swift; path = instagramUITestsLaunchTests.swift; sourceTree = "<group>"; };
		F1BFA04B27D85A27009BCE63 /* LoginViewController.swift */ = {isa = PBXFileReference; lastKnownFileType = sourcecode.swift; path = LoginViewController.swift; sourceTree = "<group>"; };
		F1BFA04D27D85A43009BCE63 /* FeedViewController.swift */ = {isa = PBXFileReference; lastKnownFileType = sourcecode.swift; path = FeedViewController.swift; sourceTree = "<group>"; };
		F1BFA04F27D8665C009BCE63 /* CameraViewController.swift */ = {isa = PBXFileReference; lastKnownFileType = sourcecode.swift; path = CameraViewController.swift; sourceTree = "<group>"; };
		F1BFA05127D8796A009BCE63 /* PostCell.swift */ = {isa = PBXFileReference; lastKnownFileType = sourcecode.swift; path = PostCell.swift; sourceTree = "<group>"; };
/* End PBXFileReference section */

/* Begin PBXFrameworksBuildPhase section */
		F11BC49527D8548000C800A5 /* Frameworks */ = {
			isa = PBXFrameworksBuildPhase;
			buildActionMask = 2147483647;
			files = (
				EC926BA281866B403949AB92 /* Pods_instagram.framework in Frameworks */,
			);
			runOnlyForDeploymentPostprocessing = 0;
		};
		F11BC4AB27D8548100C800A5 /* Frameworks */ = {
			isa = PBXFrameworksBuildPhase;
			buildActionMask = 2147483647;
			files = (
				E94808A75B550EED8A1C5BD1 /* Pods_instagramTests.framework in Frameworks */,
			);
			runOnlyForDeploymentPostprocessing = 0;
		};
		F11BC4B527D8548100C800A5 /* Frameworks */ = {
			isa = PBXFrameworksBuildPhase;
			buildActionMask = 2147483647;
			files = (
				8E6080AE797C90A2AD9B7382 /* Pods_instagram_instagramUITests.framework in Frameworks */,
			);
			runOnlyForDeploymentPostprocessing = 0;
		};
/* End PBXFrameworksBuildPhase section */

/* Begin PBXGroup section */
		347CEE9F68797A2BFC907E5D /* Frameworks */ = {
			isa = PBXGroup;
			children = (
				7457F05F50A9E4836AFFDD29 /* Pods_instagram.framework */,
				8A1002B6FE22863DA2AEB9DC /* Pods_instagram_instagramUITests.framework */,
				3AD4F99B680A6419EE5F85D4 /* Pods_instagramTests.framework */,
			);
			name = Frameworks;
			sourceTree = "<group>";
		};
		6554F80B1D12D5CBCD56DA85 /* Pods */ = {
			isa = PBXGroup;
			children = (
				DBCE15FEE285BE9E5102E6DF /* Pods-instagram.debug.xcconfig */,
				33F242183DD12F576495DB4E /* Pods-instagram.release.xcconfig */,
				20C307B2196FBAEECCB0E827 /* Pods-instagram-instagramUITests.debug.xcconfig */,
				22A228C01256B32E3F1A3C08 /* Pods-instagram-instagramUITests.release.xcconfig */,
				614BBA5640A8A04D5999826F /* Pods-instagramTests.debug.xcconfig */,
				A235A363C2FFBB5BBCE63D74 /* Pods-instagramTests.release.xcconfig */,
			);
			path = Pods;
			sourceTree = "<group>";
		};
		F11BC48F27D8548000C800A5 = {
			isa = PBXGroup;
			children = (
				F11BC49A27D8548000C800A5 /* instagram */,
				F11BC4B127D8548100C800A5 /* instagramTests */,
				F11BC4BB27D8548100C800A5 /* instagramUITests */,
				F11BC49927D8548000C800A5 /* Products */,
				6554F80B1D12D5CBCD56DA85 /* Pods */,
				347CEE9F68797A2BFC907E5D /* Frameworks */,
			);
			sourceTree = "<group>";
		};
		F11BC49927D8548000C800A5 /* Products */ = {
			isa = PBXGroup;
			children = (
				F11BC49827D8548000C800A5 /* instagram.app */,
				F11BC4AE27D8548100C800A5 /* instagramTests.xctest */,
				F11BC4B827D8548100C800A5 /* instagramUITests.xctest */,
			);
			name = Products;
			sourceTree = "<group>";
		};
		F11BC49A27D8548000C800A5 /* instagram */ = {
			isa = PBXGroup;
			children = (
				F11BC49B27D8548000C800A5 /* AppDelegate.swift */,
				F11BC49D27D8548000C800A5 /* SceneDelegate.swift */,
				F11BC4A127D8548000C800A5 /* Main.storyboard */,
				F1BFA04F27D8665C009BCE63 /* CameraViewController.swift */,
				F11BC4A427D8548100C800A5 /* Assets.xcassets */,
				F11BC4A627D8548100C800A5 /* LaunchScreen.storyboard */,
				F1BFA04B27D85A27009BCE63 /* LoginViewController.swift */,
				F1BFA04D27D85A43009BCE63 /* FeedViewController.swift */,
				F1BFA05127D8796A009BCE63 /* PostCell.swift */,
				F11BC4A927D8548100C800A5 /* Info.plist */,
				F104D5C927E1A53F00D5C163 /* CommentCell.swift */,
			);
			path = instagram;
			sourceTree = "<group>";
		};
		F11BC4B127D8548100C800A5 /* instagramTests */ = {
			isa = PBXGroup;
			children = (
				F11BC4B227D8548100C800A5 /* instagramTests.swift */,
			);
			path = instagramTests;
			sourceTree = "<group>";
		};
		F11BC4BB27D8548100C800A5 /* instagramUITests */ = {
			isa = PBXGroup;
			children = (
				F11BC4BC27D8548100C800A5 /* instagramUITests.swift */,
				F11BC4BE27D8548100C800A5 /* instagramUITestsLaunchTests.swift */,
			);
			path = instagramUITests;
			sourceTree = "<group>";
		};
/* End PBXGroup section */

/* Begin PBXNativeTarget section */
		F11BC49727D8548000C800A5 /* instagram */ = {
			isa = PBXNativeTarget;
			buildConfigurationList = F11BC4C227D8548100C800A5 /* Build configuration list for PBXNativeTarget "instagram" */;
			buildPhases = (
				CC2774E294EE30C36D45DB70 /* [CP] Check Pods Manifest.lock */,
				F11BC49427D8548000C800A5 /* Sources */,
				F11BC49527D8548000C800A5 /* Frameworks */,
				F11BC49627D8548000C800A5 /* Resources */,
				2105F4F056BE2AAEBCFFB240 /* [CP] Embed Pods Frameworks */,
			);
			buildRules = (
			);
			dependencies = (
			);
			name = instagram;
			productName = instagram;
			productReference = F11BC49827D8548000C800A5 /* instagram.app */;
			productType = "com.apple.product-type.application";
		};
		F11BC4AD27D8548100C800A5 /* instagramTests */ = {
			isa = PBXNativeTarget;
			buildConfigurationList = F11BC4C527D8548100C800A5 /* Build configuration list for PBXNativeTarget "instagramTests" */;
			buildPhases = (
				0C95F678E706AAFD6B27FB18 /* [CP] Check Pods Manifest.lock */,
				F11BC4AA27D8548100C800A5 /* Sources */,
				F11BC4AB27D8548100C800A5 /* Frameworks */,
				F11BC4AC27D8548100C800A5 /* Resources */,
			);
			buildRules = (
			);
			dependencies = (
				F11BC4B027D8548100C800A5 /* PBXTargetDependency */,
			);
			name = instagramTests;
			productName = instagramTests;
			productReference = F11BC4AE27D8548100C800A5 /* instagramTests.xctest */;
			productType = "com.apple.product-type.bundle.unit-test";
		};
		F11BC4B727D8548100C800A5 /* instagramUITests */ = {
			isa = PBXNativeTarget;
			buildConfigurationList = F11BC4C827D8548100C800A5 /* Build configuration list for PBXNativeTarget "instagramUITests" */;
			buildPhases = (
				7BBEDB33229AAF1BAD089154 /* [CP] Check Pods Manifest.lock */,
				F11BC4B427D8548100C800A5 /* Sources */,
				F11BC4B527D8548100C800A5 /* Frameworks */,
				F11BC4B627D8548100C800A5 /* Resources */,
				02ED4E7AA6CFB8F40EEED541 /* [CP] Embed Pods Frameworks */,
			);
			buildRules = (
			);
			dependencies = (
				F11BC4BA27D8548100C800A5 /* PBXTargetDependency */,
			);
			name = instagramUITests;
			productName = instagramUITests;
			productReference = F11BC4B827D8548100C800A5 /* instagramUITests.xctest */;
			productType = "com.apple.product-type.bundle.ui-testing";
		};
/* End PBXNativeTarget section */

/* Begin PBXProject section */
		F11BC49027D8548000C800A5 /* Project object */ = {
			isa = PBXProject;
			attributes = {
				BuildIndependentTargetsInParallel = 1;
				LastSwiftUpdateCheck = 1320;
				LastUpgradeCheck = 1320;
				TargetAttributes = {
					F11BC49727D8548000C800A5 = {
						CreatedOnToolsVersion = 13.2.1;
					};
					F11BC4AD27D8548100C800A5 = {
						CreatedOnToolsVersion = 13.2.1;
						TestTargetID = F11BC49727D8548000C800A5;
					};
					F11BC4B727D8548100C800A5 = {
						CreatedOnToolsVersion = 13.2.1;
						TestTargetID = F11BC49727D8548000C800A5;
					};
				};
			};
			buildConfigurationList = F11BC49327D8548000C800A5 /* Build configuration list for PBXProject "instagram" */;
			compatibilityVersion = "Xcode 13.0";
			developmentRegion = en;
			hasScannedForEncodings = 0;
			knownRegions = (
				en,
				Base,
			);
			mainGroup = F11BC48F27D8548000C800A5;
			productRefGroup = F11BC49927D8548000C800A5 /* Products */;
			projectDirPath = "";
			projectRoot = "";
			targets = (
				F11BC49727D8548000C800A5 /* instagram */,
				F11BC4AD27D8548100C800A5 /* instagramTests */,
				F11BC4B727D8548100C800A5 /* instagramUITests */,
			);
		};
/* End PBXProject section */

/* Begin PBXResourcesBuildPhase section */
		F11BC49627D8548000C800A5 /* Resources */ = {
			isa = PBXResourcesBuildPhase;
			buildActionMask = 2147483647;
			files = (
				F11BC4A827D8548100C800A5 /* LaunchScreen.storyboard in Resources */,
				F11BC4A527D8548100C800A5 /* Assets.xcassets in Resources */,
				F11BC4A327D8548000C800A5 /* Main.storyboard in Resources */,
			);
			runOnlyForDeploymentPostprocessing = 0;
		};
		F11BC4AC27D8548100C800A5 /* Resources */ = {
			isa = PBXResourcesBuildPhase;
			buildActionMask = 2147483647;
			files = (
			);
			runOnlyForDeploymentPostprocessing = 0;
		};
		F11BC4B627D8548100C800A5 /* Resources */ = {
			isa = PBXResourcesBuildPhase;
			buildActionMask = 2147483647;
			files = (
			);
			runOnlyForDeploymentPostprocessing = 0;
		};
/* End PBXResourcesBuildPhase section */

/* Begin PBXShellScriptBuildPhase section */
		02ED4E7AA6CFB8F40EEED541 /* [CP] Embed Pods Frameworks */ = {
			isa = PBXShellScriptBuildPhase;
			buildActionMask = 2147483647;
			files = (
			);
			inputFileListPaths = (
				"${PODS_ROOT}/Target Support Files/Pods-instagram-instagramUITests/Pods-instagram-instagramUITests-frameworks-${CONFIGURATION}-input-files.xcfilelist",
			);
			name = "[CP] Embed Pods Frameworks";
			outputFileListPaths = (
				"${PODS_ROOT}/Target Support Files/Pods-instagram-instagramUITests/Pods-instagram-instagramUITests-frameworks-${CONFIGURATION}-output-files.xcfilelist",
			);
			runOnlyForDeploymentPostprocessing = 0;
			shellPath = /bin/sh;
			shellScript = "\"${PODS_ROOT}/Target Support Files/Pods-instagram-instagramUITests/Pods-instagram-instagramUITests-frameworks.sh\"\n";
			showEnvVarsInLog = 0;
		};
		0C95F678E706AAFD6B27FB18 /* [CP] Check Pods Manifest.lock */ = {
			isa = PBXShellScriptBuildPhase;
			buildActionMask = 2147483647;
			files = (
			);
			inputFileListPaths = (
			);
			inputPaths = (
				"${PODS_PODFILE_DIR_PATH}/Podfile.lock",
				"${PODS_ROOT}/Manifest.lock",
			);
			name = "[CP] Check Pods Manifest.lock";
			outputFileListPaths = (
			);
			outputPaths = (
				"$(DERIVED_FILE_DIR)/Pods-instagramTests-checkManifestLockResult.txt",
			);
			runOnlyForDeploymentPostprocessing = 0;
			shellPath = /bin/sh;
			shellScript = "diff \"${PODS_PODFILE_DIR_PATH}/Podfile.lock\" \"${PODS_ROOT}/Manifest.lock\" > /dev/null\nif [ $? != 0 ] ; then\n    # print error to STDERR\n    echo \"error: The sandbox is not in sync with the Podfile.lock. Run 'pod install' or update your CocoaPods installation.\" >&2\n    exit 1\nfi\n# This output is used by Xcode 'outputs' to avoid re-running this script phase.\necho \"SUCCESS\" > \"${SCRIPT_OUTPUT_FILE_0}\"\n";
			showEnvVarsInLog = 0;
		};
		2105F4F056BE2AAEBCFFB240 /* [CP] Embed Pods Frameworks */ = {
			isa = PBXShellScriptBuildPhase;
			buildActionMask = 2147483647;
			files = (
			);
			inputFileListPaths = (
				"${PODS_ROOT}/Target Support Files/Pods-instagram/Pods-instagram-frameworks-${CONFIGURATION}-input-files.xcfilelist",
			);
			name = "[CP] Embed Pods Frameworks";
			outputFileListPaths = (
				"${PODS_ROOT}/Target Support Files/Pods-instagram/Pods-instagram-frameworks-${CONFIGURATION}-output-files.xcfilelist",
			);
			runOnlyForDeploymentPostprocessing = 0;
			shellPath = /bin/sh;
			shellScript = "\"${PODS_ROOT}/Target Support Files/Pods-instagram/Pods-instagram-frameworks.sh\"\n";
			showEnvVarsInLog = 0;
		};
		7BBEDB33229AAF1BAD089154 /* [CP] Check Pods Manifest.lock */ = {
			isa = PBXShellScriptBuildPhase;
			buildActionMask = 2147483647;
			files = (
			);
			inputFileListPaths = (
			);
			inputPaths = (
				"${PODS_PODFILE_DIR_PATH}/Podfile.lock",
				"${PODS_ROOT}/Manifest.lock",
			);
			name = "[CP] Check Pods Manifest.lock";
			outputFileListPaths = (
			);
			outputPaths = (
				"$(DERIVED_FILE_DIR)/Pods-instagram-instagramUITests-checkManifestLockResult.txt",
			);
			runOnlyForDeploymentPostprocessing = 0;
			shellPath = /bin/sh;
			shellScript = "diff \"${PODS_PODFILE_DIR_PATH}/Podfile.lock\" \"${PODS_ROOT}/Manifest.lock\" > /dev/null\nif [ $? != 0 ] ; then\n    # print error to STDERR\n    echo \"error: The sandbox is not in sync with the Podfile.lock. Run 'pod install' or update your CocoaPods installation.\" >&2\n    exit 1\nfi\n# This output is used by Xcode 'outputs' to avoid re-running this script phase.\necho \"SUCCESS\" > \"${SCRIPT_OUTPUT_FILE_0}\"\n";
			showEnvVarsInLog = 0;
		};
		CC2774E294EE30C36D45DB70 /* [CP] Check Pods Manifest.lock */ = {
			isa = PBXShellScriptBuildPhase;
			buildActionMask = 2147483647;
			files = (
			);
			inputFileListPaths = (
			);
			inputPaths = (
				"${PODS_PODFILE_DIR_PATH}/Podfile.lock",
				"${PODS_ROOT}/Manifest.lock",
			);
			name = "[CP] Check Pods Manifest.lock";
			outputFileListPaths = (
			);
			outputPaths = (
				"$(DERIVED_FILE_DIR)/Pods-instagram-checkManifestLockResult.txt",
			);
			runOnlyForDeploymentPostprocessing = 0;
			shellPath = /bin/sh;
			shellScript = "diff \"${PODS_PODFILE_DIR_PATH}/Podfile.lock\" \"${PODS_ROOT}/Manifest.lock\" > /dev/null\nif [ $? != 0 ] ; then\n    # print error to STDERR\n    echo \"error: The sandbox is not in sync with the Podfile.lock. Run 'pod install' or update your CocoaPods installation.\" >&2\n    exit 1\nfi\n# This output is used by Xcode 'outputs' to avoid re-running this script phase.\necho \"SUCCESS\" > \"${SCRIPT_OUTPUT_FILE_0}\"\n";
			showEnvVarsInLog = 0;
		};
/* End PBXShellScriptBuildPhase section */

/* Begin PBXSourcesBuildPhase section */
		F11BC49427D8548000C800A5 /* Sources */ = {
			isa = PBXSourcesBuildPhase;
			buildActionMask = 2147483647;
			files = (
				F1BFA04C27D85A27009BCE63 /* LoginViewController.swift in Sources */,
				F1BFA05027D8665C009BCE63 /* CameraViewController.swift in Sources */,
				F11BC49C27D8548000C800A5 /* AppDelegate.swift in Sources */,
				F1BFA04E27D85A43009BCE63 /* FeedViewController.swift in Sources */,
				F11BC49E27D8548000C800A5 /* SceneDelegate.swift in Sources */,
				F1BFA05227D8796A009BCE63 /* PostCell.swift in Sources */,
				F104D5CA27E1A53F00D5C163 /* CommentCell.swift in Sources */,
			);
			runOnlyForDeploymentPostprocessing = 0;
		};
		F11BC4AA27D8548100C800A5 /* Sources */ = {
			isa = PBXSourcesBuildPhase;
			buildActionMask = 2147483647;
			files = (
				F11BC4B327D8548100C800A5 /* instagramTests.swift in Sources */,
			);
			runOnlyForDeploymentPostprocessing = 0;
		};
		F11BC4B427D8548100C800A5 /* Sources */ = {
			isa = PBXSourcesBuildPhase;
			buildActionMask = 2147483647;
			files = (
				F11BC4BD27D8548100C800A5 /* instagramUITests.swift in Sources */,
				F11BC4BF27D8548100C800A5 /* instagramUITestsLaunchTests.swift in Sources */,
			);
			runOnlyForDeploymentPostprocessing = 0;
		};
/* End PBXSourcesBuildPhase section */

/* Begin PBXTargetDependency section */
		F11BC4B027D8548100C800A5 /* PBXTargetDependency */ = {
			isa = PBXTargetDependency;
			target = F11BC49727D8548000C800A5 /* instagram */;
			targetProxy = F11BC4AF27D8548100C800A5 /* PBXContainerItemProxy */;
		};
		F11BC4BA27D8548100C800A5 /* PBXTargetDependency */ = {
			isa = PBXTargetDependency;
			target = F11BC49727D8548000C800A5 /* instagram */;
			targetProxy = F11BC4B927D8548100C800A5 /* PBXContainerItemProxy */;
		};
/* End PBXTargetDependency section */

/* Begin PBXVariantGroup section */
		F11BC4A127D8548000C800A5 /* Main.storyboard */ = {
			isa = PBXVariantGroup;
			children = (
				F11BC4A227D8548000C800A5 /* Base */,
			);
			name = Main.storyboard;
			sourceTree = "<group>";
		};
		F11BC4A627D8548100C800A5 /* LaunchScreen.storyboard */ = {
			isa = PBXVariantGroup;
			children = (
				F11BC4A727D8548100C800A5 /* Base */,
			);
			name = LaunchScreen.storyboard;
			sourceTree = "<group>";
		};
/* End PBXVariantGroup section */

/* Begin XCBuildConfiguration section */
		F11BC4C027D8548100C800A5 /* Debug */ = {
			isa = XCBuildConfiguration;
			buildSettings = {
				ALWAYS_SEARCH_USER_PATHS = NO;
				CLANG_ANALYZER_NONNULL = YES;
				CLANG_ANALYZER_NUMBER_OBJECT_CONVERSION = YES_AGGRESSIVE;
				CLANG_CXX_LANGUAGE_STANDARD = "gnu++17";
				CLANG_CXX_LIBRARY = "libc++";
				CLANG_ENABLE_MODULES = YES;
				CLANG_ENABLE_OBJC_ARC = YES;
				CLANG_ENABLE_OBJC_WEAK = YES;
				CLANG_WARN_BLOCK_CAPTURE_AUTORELEASING = YES;
				CLANG_WARN_BOOL_CONVERSION = YES;
				CLANG_WARN_COMMA = YES;
				CLANG_WARN_CONSTANT_CONVERSION = YES;
				CLANG_WARN_DEPRECATED_OBJC_IMPLEMENTATIONS = YES;
				CLANG_WARN_DIRECT_OBJC_ISA_USAGE = YES_ERROR;
				CLANG_WARN_DOCUMENTATION_COMMENTS = YES;
				CLANG_WARN_EMPTY_BODY = YES;
				CLANG_WARN_ENUM_CONVERSION = YES;
				CLANG_WARN_INFINITE_RECURSION = YES;
				CLANG_WARN_INT_CONVERSION = YES;
				CLANG_WARN_NON_LITERAL_NULL_CONVERSION = YES;
				CLANG_WARN_OBJC_IMPLICIT_RETAIN_SELF = YES;
				CLANG_WARN_OBJC_LITERAL_CONVERSION = YES;
				CLANG_WARN_OBJC_ROOT_CLASS = YES_ERROR;
				CLANG_WARN_QUOTED_INCLUDE_IN_FRAMEWORK_HEADER = YES;
				CLANG_WARN_RANGE_LOOP_ANALYSIS = YES;
				CLANG_WARN_STRICT_PROTOTYPES = YES;
				CLANG_WARN_SUSPICIOUS_MOVE = YES;
				CLANG_WARN_UNGUARDED_AVAILABILITY = YES_AGGRESSIVE;
				CLANG_WARN_UNREACHABLE_CODE = YES;
				CLANG_WARN__DUPLICATE_METHOD_MATCH = YES;
				COPY_PHASE_STRIP = NO;
				DEBUG_INFORMATION_FORMAT = dwarf;
				ENABLE_STRICT_OBJC_MSGSEND = YES;
				ENABLE_TESTABILITY = YES;
				GCC_C_LANGUAGE_STANDARD = gnu11;
				GCC_DYNAMIC_NO_PIC = NO;
				GCC_NO_COMMON_BLOCKS = YES;
				GCC_OPTIMIZATION_LEVEL = 0;
				GCC_PREPROCESSOR_DEFINITIONS = (
					"DEBUG=1",
					"$(inherited)",
				);
				GCC_WARN_64_TO_32_BIT_CONVERSION = YES;
				GCC_WARN_ABOUT_RETURN_TYPE = YES_ERROR;
				GCC_WARN_UNDECLARED_SELECTOR = YES;
				GCC_WARN_UNINITIALIZED_AUTOS = YES_AGGRESSIVE;
				GCC_WARN_UNUSED_FUNCTION = YES;
				GCC_WARN_UNUSED_VARIABLE = YES;
				IPHONEOS_DEPLOYMENT_TARGET = 15.2;
				MTL_ENABLE_DEBUG_INFO = INCLUDE_SOURCE;
				MTL_FAST_MATH = YES;
				ONLY_ACTIVE_ARCH = YES;
				SDKROOT = iphoneos;
				SWIFT_ACTIVE_COMPILATION_CONDITIONS = DEBUG;
				SWIFT_OPTIMIZATION_LEVEL = "-Onone";
			};
			name = Debug;
		};
		F11BC4C127D8548100C800A5 /* Release */ = {
			isa = XCBuildConfiguration;
			buildSettings = {
				ALWAYS_SEARCH_USER_PATHS = NO;
				CLANG_ANALYZER_NONNULL = YES;
				CLANG_ANALYZER_NUMBER_OBJECT_CONVERSION = YES_AGGRESSIVE;
				CLANG_CXX_LANGUAGE_STANDARD = "gnu++17";
				CLANG_CXX_LIBRARY = "libc++";
				CLANG_ENABLE_MODULES = YES;
				CLANG_ENABLE_OBJC_ARC = YES;
				CLANG_ENABLE_OBJC_WEAK = YES;
				CLANG_WARN_BLOCK_CAPTURE_AUTORELEASING = YES;
				CLANG_WARN_BOOL_CONVERSION = YES;
				CLANG_WARN_COMMA = YES;
				CLANG_WARN_CONSTANT_CONVERSION = YES;
				CLANG_WARN_DEPRECATED_OBJC_IMPLEMENTATIONS = YES;
				CLANG_WARN_DIRECT_OBJC_ISA_USAGE = YES_ERROR;
				CLANG_WARN_DOCUMENTATION_COMMENTS = YES;
				CLANG_WARN_EMPTY_BODY = YES;
				CLANG_WARN_ENUM_CONVERSION = YES;
				CLANG_WARN_INFINITE_RECURSION = YES;
				CLANG_WARN_INT_CONVERSION = YES;
				CLANG_WARN_NON_LITERAL_NULL_CONVERSION = YES;
				CLANG_WARN_OBJC_IMPLICIT_RETAIN_SELF = YES;
				CLANG_WARN_OBJC_LITERAL_CONVERSION = YES;
				CLANG_WARN_OBJC_ROOT_CLASS = YES_ERROR;
				CLANG_WARN_QUOTED_INCLUDE_IN_FRAMEWORK_HEADER = YES;
				CLANG_WARN_RANGE_LOOP_ANALYSIS = YES;
				CLANG_WARN_STRICT_PROTOTYPES = YES;
				CLANG_WARN_SUSPICIOUS_MOVE = YES;
				CLANG_WARN_UNGUARDED_AVAILABILITY = YES_AGGRESSIVE;
				CLANG_WARN_UNREACHABLE_CODE = YES;
				CLANG_WARN__DUPLICATE_METHOD_MATCH = YES;
				COPY_PHASE_STRIP = NO;
				DEBUG_INFORMATION_FORMAT = "dwarf-with-dsym";
				ENABLE_NS_ASSERTIONS = NO;
				ENABLE_STRICT_OBJC_MSGSEND = YES;
				GCC_C_LANGUAGE_STANDARD = gnu11;
				GCC_NO_COMMON_BLOCKS = YES;
				GCC_WARN_64_TO_32_BIT_CONVERSION = YES;
				GCC_WARN_ABOUT_RETURN_TYPE = YES_ERROR;
				GCC_WARN_UNDECLARED_SELECTOR = YES;
				GCC_WARN_UNINITIALIZED_AUTOS = YES_AGGRESSIVE;
				GCC_WARN_UNUSED_FUNCTION = YES;
				GCC_WARN_UNUSED_VARIABLE = YES;
				IPHONEOS_DEPLOYMENT_TARGET = 15.2;
				MTL_ENABLE_DEBUG_INFO = NO;
				MTL_FAST_MATH = YES;
				SDKROOT = iphoneos;
				SWIFT_COMPILATION_MODE = wholemodule;
				SWIFT_OPTIMIZATION_LEVEL = "-O";
				VALIDATE_PRODUCT = YES;
			};
			name = Release;
		};
		F11BC4C327D8548100C800A5 /* Debug */ = {
			isa = XCBuildConfiguration;
			baseConfigurationReference = DBCE15FEE285BE9E5102E6DF /* Pods-instagram.debug.xcconfig */;
			buildSettings = {
				ASSETCATALOG_COMPILER_APPICON_NAME = AppIcon;
				ASSETCATALOG_COMPILER_GLOBAL_ACCENT_COLOR_NAME = AccentColor;
				CODE_SIGN_STYLE = Automatic;
				CURRENT_PROJECT_VERSION = 1;
				DEVELOPMENT_TEAM = 2MK2A874DV;
				GENERATE_INFOPLIST_FILE = YES;
				INFOPLIST_FILE = instagram/Info.plist;
				INFOPLIST_KEY_UIApplicationSupportsIndirectInputEvents = YES;
				INFOPLIST_KEY_UILaunchStoryboardName = LaunchScreen;
				INFOPLIST_KEY_UIMainStoryboardFile = Main;
				INFOPLIST_KEY_UISupportedInterfaceOrientations_iPad = "UIInterfaceOrientationPortrait UIInterfaceOrientationPortraitUpsideDown UIInterfaceOrientationLandscapeLeft UIInterfaceOrientationLandscapeRight";
				INFOPLIST_KEY_UISupportedInterfaceOrientations_iPhone = "UIInterfaceOrientationPortrait UIInterfaceOrientationLandscapeLeft UIInterfaceOrientationLandscapeRight";
				LD_RUNPATH_SEARCH_PATHS = (
					"$(inherited)",
					"@executable_path/Frameworks",
				);
				MARKETING_VERSION = 1.0;
				PRODUCT_BUNDLE_IDENTIFIER = com.isa.estrada.instagram;
				PRODUCT_NAME = "$(TARGET_NAME)";
				SWIFT_EMIT_LOC_STRINGS = YES;
				SWIFT_VERSION = 5.0;
				TARGETED_DEVICE_FAMILY = "1,2";
				VALIDATE_PRODUCT = YES;
			};
			name = Debug;
		};
		F11BC4C427D8548100C800A5 /* Release */ = {
			isa = XCBuildConfiguration;
			baseConfigurationReference = 33F242183DD12F576495DB4E /* Pods-instagram.release.xcconfig */;
			buildSettings = {
				ASSETCATALOG_COMPILER_APPICON_NAME = AppIcon;
				ASSETCATALOG_COMPILER_GLOBAL_ACCENT_COLOR_NAME = AccentColor;
				CODE_SIGN_STYLE = Automatic;
				CURRENT_PROJECT_VERSION = 1;
				DEVELOPMENT_TEAM = 2MK2A874DV;
				GENERATE_INFOPLIST_FILE = YES;
				INFOPLIST_FILE = instagram/Info.plist;
				INFOPLIST_KEY_UIApplicationSupportsIndirectInputEvents = YES;
				INFOPLIST_KEY_UILaunchStoryboardName = LaunchScreen;
				INFOPLIST_KEY_UIMainStoryboardFile = Main;
				INFOPLIST_KEY_UISupportedInterfaceOrientations_iPad = "UIInterfaceOrientationPortrait UIInterfaceOrientationPortraitUpsideDown UIInterfaceOrientationLandscapeLeft UIInterfaceOrientationLandscapeRight";
				INFOPLIST_KEY_UISupportedInterfaceOrientations_iPhone = "UIInterfaceOrientationPortrait UIInterfaceOrientationLandscapeLeft UIInterfaceOrientationLandscapeRight";
				LD_RUNPATH_SEARCH_PATHS = (
					"$(inherited)",
					"@executable_path/Frameworks",
				);
				MARKETING_VERSION = 1.0;
				PRODUCT_BUNDLE_IDENTIFIER = com.isa.estrada.instagram;
				PRODUCT_NAME = "$(TARGET_NAME)";
				SWIFT_EMIT_LOC_STRINGS = YES;
				SWIFT_VERSION = 5.0;
				TARGETED_DEVICE_FAMILY = "1,2";
			};
			name = Release;
		};
		F11BC4C627D8548100C800A5 /* Debug */ = {
			isa = XCBuildConfiguration;
			baseConfigurationReference = 614BBA5640A8A04D5999826F /* Pods-instagramTests.debug.xcconfig */;
			buildSettings = {
				ALWAYS_EMBED_SWIFT_STANDARD_LIBRARIES = YES;
				BUNDLE_LOADER = "$(TEST_HOST)";
				CODE_SIGN_STYLE = Automatic;
				CURRENT_PROJECT_VERSION = 1;
				DEVELOPMENT_TEAM = 2MK2A874DV;
				GENERATE_INFOPLIST_FILE = YES;
				IPHONEOS_DEPLOYMENT_TARGET = 15.2;
				MARKETING_VERSION = 1.0;
				PRODUCT_BUNDLE_IDENTIFIER = com.isa.estrada.instagramTests;
				PRODUCT_NAME = "$(TARGET_NAME)";
				SWIFT_EMIT_LOC_STRINGS = NO;
				SWIFT_VERSION = 5.0;
				TARGETED_DEVICE_FAMILY = "1,2";
				TEST_HOST = "$(BUILT_PRODUCTS_DIR)/instagram.app/instagram";
			};
			name = Debug;
		};
		F11BC4C727D8548100C800A5 /* Release */ = {
			isa = XCBuildConfiguration;
			baseConfigurationReference = A235A363C2FFBB5BBCE63D74 /* Pods-instagramTests.release.xcconfig */;
			buildSettings = {
				ALWAYS_EMBED_SWIFT_STANDARD_LIBRARIES = YES;
				BUNDLE_LOADER = "$(TEST_HOST)";
				CODE_SIGN_STYLE = Automatic;
				CURRENT_PROJECT_VERSION = 1;
				DEVELOPMENT_TEAM = 2MK2A874DV;
				GENERATE_INFOPLIST_FILE = YES;
				IPHONEOS_DEPLOYMENT_TARGET = 15.2;
				MARKETING_VERSION = 1.0;
				PRODUCT_BUNDLE_IDENTIFIER = com.isa.estrada.instagramTests;
				PRODUCT_NAME = "$(TARGET_NAME)";
				SWIFT_EMIT_LOC_STRINGS = NO;
				SWIFT_VERSION = 5.0;
				TARGETED_DEVICE_FAMILY = "1,2";
				TEST_HOST = "$(BUILT_PRODUCTS_DIR)/instagram.app/instagram";
			};
			name = Release;
		};
		F11BC4C927D8548100C800A5 /* Debug */ = {
			isa = XCBuildConfiguration;
			baseConfigurationReference = 20C307B2196FBAEECCB0E827 /* Pods-instagram-instagramUITests.debug.xcconfig */;
			buildSettings = {
				ALWAYS_EMBED_SWIFT_STANDARD_LIBRARIES = YES;
				CODE_SIGN_STYLE = Automatic;
				CURRENT_PROJECT_VERSION = 1;
				DEVELOPMENT_TEAM = 2MK2A874DV;
				GENERATE_INFOPLIST_FILE = YES;
				MARKETING_VERSION = 1.0;
				PRODUCT_BUNDLE_IDENTIFIER = com.isa.estrada.instagramUITests;
				PRODUCT_NAME = "$(TARGET_NAME)";
				SWIFT_EMIT_LOC_STRINGS = NO;
				SWIFT_VERSION = 5.0;
				TARGETED_DEVICE_FAMILY = "1,2";
				TEST_TARGET_NAME = instagram;
			};
			name = Debug;
		};
		F11BC4CA27D8548100C800A5 /* Release */ = {
			isa = XCBuildConfiguration;
			baseConfigurationReference = 22A228C01256B32E3F1A3C08 /* Pods-instagram-instagramUITests.release.xcconfig */;
			buildSettings = {
				ALWAYS_EMBED_SWIFT_STANDARD_LIBRARIES = YES;
				CODE_SIGN_STYLE = Automatic;
				CURRENT_PROJECT_VERSION = 1;
				DEVELOPMENT_TEAM = 2MK2A874DV;
				GENERATE_INFOPLIST_FILE = YES;
				MARKETING_VERSION = 1.0;
				PRODUCT_BUNDLE_IDENTIFIER = com.isa.estrada.instagramUITests;
				PRODUCT_NAME = "$(TARGET_NAME)";
				SWIFT_EMIT_LOC_STRINGS = NO;
				SWIFT_VERSION = 5.0;
				TARGETED_DEVICE_FAMILY = "1,2";
				TEST_TARGET_NAME = instagram;
			};
			name = Release;
		};
/* End XCBuildConfiguration section */

/* Begin XCConfigurationList section */
		F11BC49327D8548000C800A5 /* Build configuration list for PBXProject "instagram" */ = {
			isa = XCConfigurationList;
			buildConfigurations = (
				F11BC4C027D8548100C800A5 /* Debug */,
				F11BC4C127D8548100C800A5 /* Release */,
			);
			defaultConfigurationIsVisible = 0;
			defaultConfigurationName = Release;
		};
		F11BC4C227D8548100C800A5 /* Build configuration list for PBXNativeTarget "instagram" */ = {
			isa = XCConfigurationList;
			buildConfigurations = (
				F11BC4C327D8548100C800A5 /* Debug */,
				F11BC4C427D8548100C800A5 /* Release */,
			);
			defaultConfigurationIsVisible = 0;
			defaultConfigurationName = Release;
		};
		F11BC4C527D8548100C800A5 /* Build configuration list for PBXNativeTarget "instagramTests" */ = {
			isa = XCConfigurationList;
			buildConfigurations = (
				F11BC4C627D8548100C800A5 /* Debug */,
				F11BC4C727D8548100C800A5 /* Release */,
			);
			defaultConfigurationIsVisible = 0;
			defaultConfigurationName = Release;
		};
		F11BC4C827D8548100C800A5 /* Build configuration list for PBXNativeTarget "instagramUITests" */ = {
			isa = XCConfigurationList;
			buildConfigurations = (
				F11BC4C927D8548100C800A5 /* Debug */,
				F11BC4CA27D8548100C800A5 /* Release */,
			);
			defaultConfigurationIsVisible = 0;
			defaultConfigurationName = Release;
		};
/* End XCConfigurationList section */
	};
	rootObject = F11BC49027D8548000C800A5 /* Project object */;
}
